
Microsoft Visual Studio Solution File, Format Version 12.00
# Visual Studio Version 17
VisualStudioVersion = 17.1.32407.343
MinimumVisualStudioVersion = 10.0.40219.1
Project("{9A19103F-16F7-4668-BE54-9A1E7A4F7556}") = "ProductService", "ProductService\ProductService.csproj", "{F6CBFB75-CD66-465A-B05F-13F05B49CD34}"
EndProject
Project("{9A19103F-16F7-4668-BE54-9A1E7A4F7556}") = "OrderService", "OrderService\OrderService.csproj", "{CD8C0DAE-7E62-46D6-B42B-862FC8CF182A}"
EndProject
Project("{FAE04EC0-301F-11D3-BF4B-00C04F79EFBC}") = "ShippingService", "ShippingService\ShippingService.csproj", "{CE2D93BF-E1FC-4913-B00F-B980DA6867A0}"
EndProject
Global
	GlobalSection(SolutionConfigurationPlatforms) = preSolution
		Debug|Any CPU = Debug|Any CPU
		Release|Any CPU = Release|Any CPU
	EndGlobalSection
	GlobalSection(ProjectConfigurationPlatforms) = postSolution
		{F6CBFB75-CD66-465A-B05F-13F05B49CD34}.Debug|Any CPU.ActiveCfg = Debug|Any CPU
		{F6CBFB75-CD66-465A-B05F-13F05B49CD34}.Debug|Any CPU.Build.0 = Debug|Any CPU
		{F6CBFB75-CD66-465A-B05F-13F05B49CD34}.Release|Any CPU.ActiveCfg = Release|Any CPU
		{F6CBFB75-CD66-465A-B05F-13F05B49CD34}.Release|Any CPU.Build.0 = Release|Any CPU
		{CD8C0DAE-7E62-46D6-B42B-862FC8CF182A}.Debug|Any CPU.ActiveCfg = Debug|Any CPU
		{CD8C0DAE-7E62-46D6-B42B-862FC8CF182A}.Debug|Any CPU.Build.0 = Debug|Any CPU
		{CD8C0DAE-7E62-46D6-B42B-862FC8CF182A}.Release|Any CPU.ActiveCfg = Release|Any CPU
		{CD8C0DAE-7E62-46D6-B42B-862FC8CF182A}.Release|Any CPU.Build.0 = Release|Any CPU
		{CE2D93BF-E1FC-4913-B00F-B980DA6867A0}.Debug|Any CPU.ActiveCfg = Debug|Any CPU
		{CE2D93BF-E1FC-4913-B00F-B980DA6867A0}.Debug|Any CPU.Build.0 = Debug|Any CPU
		{CE2D93BF-E1FC-4913-B00F-B980DA6867A0}.Release|Any CPU.ActiveCfg = Release|Any CPU
		{CE2D93BF-E1FC-4913-B00F-B980DA6867A0}.Release|Any CPU.Build.0 = Release|Any CPU
	EndGlobalSection
	GlobalSection(SolutionProperties) = preSolution
		HideSolutionNode = FALSE
	EndGlobalSection
	GlobalSection(ExtensibilityGlobals) = postSolution
		SolutionGuid = {332816F5-9166-4335-A01F-C167BC523153}
	EndGlobalSection
EndGlobal
